
Microsoft Visual Studio Solution File, Format Version 12.00
# Visual Studio Version 16
VisualStudioVersion = 16.0.29025.244
MinimumVisualStudioVersion = 10.0.40219.1
Project("{FAE04EC0-301F-11D3-BF4B-00C04F79EFBC}") = "APTA", "APTA\APTA.csproj", "{BA2DC801-A029-45A8-A93C-91EEE52DF633}"
EndProject
Global
	GlobalSection(SolutionConfigurationPlatforms) = preSolution
		Debug|Any CPU = Debug|Any CPU
		Release|Any CPU = Release|Any CPU
	EndGlobalSection
	GlobalSection(ProjectConfigurationPlatforms) = postSolution
		{BA2DC801-A029-45A8-A93C-91EEE52DF633}.Debug|Any CPU.ActiveCfg = Debug|Any CPU
		{BA2DC801-A029-45A8-A93C-91EEE52DF633}.Debug|Any CPU.Build.0 = Debug|Any CPU
		{BA2DC801-A029-45A8-A93C-91EEE52DF633}.Release|Any CPU.ActiveCfg = Release|Any CPU
		{BA2DC801-A029-45A8-A93C-91EEE52DF633}.Release|Any CPU.Build.0 = Release|Any CPU
	EndGlobalSection
	GlobalSection(SolutionProperties) = preSolution
		HideSolutionNode = FALSE
	EndGlobalSection
	GlobalSection(ExtensibilityGlobals) = postSolution
		SolutionGuid = {AED6F911-12B1-4C51-BCC2-D20FBD5C1CAF}
	EndGlobalSection
EndGlobal
